
Microsoft Visual Studio Solution File, Format Version 12.00
# Visual Studio Version 16
VisualStudioVersion = 16.0.29926.136
MinimumVisualStudioVersion = 10.0.40219.1
Project("{FAE04EC0-301F-11D3-BF4B-00C04F79EFBC}") = "BuySell", "BuySell.csproj", "{C2BEE9F9-004E-4489-A10C-CEE141840460}"
EndProject
Global
	GlobalSection(SolutionConfigurationPlatforms) = preSolution
		Debug|Any CPU = Debug|Any CPU
		Release|Any CPU = Release|Any CPU
	EndGlobalSection
	GlobalSection(ProjectConfigurationPlatforms) = postSolution
		{C2BEE9F9-004E-4489-A10C-CEE141840460}.Debug|Any CPU.ActiveCfg = Debug|Any CPU
		{C2BEE9F9-004E-4489-A10C-CEE141840460}.Debug|Any CPU.Build.0 = Debug|Any CPU
		{C2BEE9F9-004E-4489-A10C-CEE141840460}.Release|Any CPU.ActiveCfg = Release|Any CPU
		{C2BEE9F9-004E-4489-A10C-CEE141840460}.Release|Any CPU.Build.0 = Release|Any CPU
	EndGlobalSection
	GlobalSection(SolutionProperties) = preSolution
		HideSolutionNode = FALSE
	EndGlobalSection
	GlobalSection(ExtensibilityGlobals) = postSolution
		SolutionGuid = {25216C13-63D9-466E-B2E9-8EB428C42E1A}
	EndGlobalSection
EndGlobal
